
Microsoft Visual Studio Solution File, Format Version 12.00
# Visual Studio Version 17
VisualStudioVersion = 17.3.32811.315
MinimumVisualStudioVersion = 10.0.40219.1
Project("{9A19103F-16F7-4668-BE54-9A1E7A4F7556}") = "TIENDA.Data.SqlServer", "TIENDA.Data.SqlServer\TIENDA.Data.SqlServer.csproj", "{F5E7975D-C570-48BF-92AC-93C35B2ADD42}"
EndProject
Project("{9A19103F-16F7-4668-BE54-9A1E7A4F7556}") = "TIENDA.Data.Entities", "TIENDA.Data.Entities\TIENDA.Data.Entities.csproj", "{AA703414-6FEF-40BC-BBE7-D7EBAD9984BB}"
EndProject
Project("{9A19103F-16F7-4668-BE54-9A1E7A4F7556}") = "TIENDA.WebApi", "TIENDA.WebApi\TIENDA.WebApi.csproj", "{C3E1DF6C-44CF-4EBE-827C-8A38ACB7DF46}"
EndProject
Project("{9A19103F-16F7-4668-BE54-9A1E7A4F7556}") = "TIENDA.Core", "TIENDA.Core\TIENDA.Core.csproj", "{D24860C8-F7E1-4931-8C8F-EE60F2837AE0}"
EndProject
Project("{2150E333-8FDC-42A3-9474-1A3956D46DE8}") = "DATA", "DATA", "{5F7AA76D-3BB2-4C23-9D20-F53625A8A50B}"
EndProject
Project("{9A19103F-16F7-4668-BE54-9A1E7A4F7556}") = "TIENDA.Models", "TIENDA.Models\TIENDA.Models.csproj", "{866096C6-1ABD-4F14-855C-C77CEDF9395A}"
EndProject
Project("{9A19103F-16F7-4668-BE54-9A1E7A4F7556}") = "TIENDA.Data.Services", "TIENDA.Data.Services\TIENDA.Data.Services.csproj", "{4607D79C-16C0-45D5-830A-CA279B30403C}"
EndProject
Global
	GlobalSection(SolutionConfigurationPlatforms) = preSolution
		Debug|Any CPU = Debug|Any CPU
		Release|Any CPU = Release|Any CPU
	EndGlobalSection
	GlobalSection(ProjectConfigurationPlatforms) = postSolution
		{F5E7975D-C570-48BF-92AC-93C35B2ADD42}.Debug|Any CPU.ActiveCfg = Debug|Any CPU
		{F5E7975D-C570-48BF-92AC-93C35B2ADD42}.Debug|Any CPU.Build.0 = Debug|Any CPU
		{F5E7975D-C570-48BF-92AC-93C35B2ADD42}.Release|Any CPU.ActiveCfg = Release|Any CPU
		{F5E7975D-C570-48BF-92AC-93C35B2ADD42}.Release|Any CPU.Build.0 = Release|Any CPU
		{AA703414-6FEF-40BC-BBE7-D7EBAD9984BB}.Debug|Any CPU.ActiveCfg = Debug|Any CPU
		{AA703414-6FEF-40BC-BBE7-D7EBAD9984BB}.Debug|Any CPU.Build.0 = Debug|Any CPU
		{AA703414-6FEF-40BC-BBE7-D7EBAD9984BB}.Release|Any CPU.ActiveCfg = Release|Any CPU
		{AA703414-6FEF-40BC-BBE7-D7EBAD9984BB}.Release|Any CPU.Build.0 = Release|Any CPU
		{C3E1DF6C-44CF-4EBE-827C-8A38ACB7DF46}.Debug|Any CPU.ActiveCfg = Debug|Any CPU
		{C3E1DF6C-44CF-4EBE-827C-8A38ACB7DF46}.Debug|Any CPU.Build.0 = Debug|Any CPU
		{C3E1DF6C-44CF-4EBE-827C-8A38ACB7DF46}.Release|Any CPU.ActiveCfg = Release|Any CPU
		{C3E1DF6C-44CF-4EBE-827C-8A38ACB7DF46}.Release|Any CPU.Build.0 = Release|Any CPU
		{D24860C8-F7E1-4931-8C8F-EE60F2837AE0}.Debug|Any CPU.ActiveCfg = Debug|Any CPU
		{D24860C8-F7E1-4931-8C8F-EE60F2837AE0}.Debug|Any CPU.Build.0 = Debug|Any CPU
		{D24860C8-F7E1-4931-8C8F-EE60F2837AE0}.Release|Any CPU.ActiveCfg = Release|Any CPU
		{D24860C8-F7E1-4931-8C8F-EE60F2837AE0}.Release|Any CPU.Build.0 = Release|Any CPU
		{866096C6-1ABD-4F14-855C-C77CEDF9395A}.Debug|Any CPU.ActiveCfg = Debug|Any CPU
		{866096C6-1ABD-4F14-855C-C77CEDF9395A}.Debug|Any CPU.Build.0 = Debug|Any CPU
		{866096C6-1ABD-4F14-855C-C77CEDF9395A}.Release|Any CPU.ActiveCfg = Release|Any CPU
		{866096C6-1ABD-4F14-855C-C77CEDF9395A}.Release|Any CPU.Build.0 = Release|Any CPU
		{4607D79C-16C0-45D5-830A-CA279B30403C}.Debug|Any CPU.ActiveCfg = Debug|Any CPU
		{4607D79C-16C0-45D5-830A-CA279B30403C}.Debug|Any CPU.Build.0 = Debug|Any CPU
		{4607D79C-16C0-45D5-830A-CA279B30403C}.Release|Any CPU.ActiveCfg = Release|Any CPU
		{4607D79C-16C0-45D5-830A-CA279B30403C}.Release|Any CPU.Build.0 = Release|Any CPU
	EndGlobalSection
	GlobalSection(SolutionProperties) = preSolution
		HideSolutionNode = FALSE
	EndGlobalSection
	GlobalSection(NestedProjects) = preSolution
		{F5E7975D-C570-48BF-92AC-93C35B2ADD42} = {5F7AA76D-3BB2-4C23-9D20-F53625A8A50B}
		{AA703414-6FEF-40BC-BBE7-D7EBAD9984BB} = {5F7AA76D-3BB2-4C23-9D20-F53625A8A50B}
	EndGlobalSection
	GlobalSection(ExtensibilityGlobals) = postSolution
		SolutionGuid = {34528E77-6529-485E-8F74-C9A28649A137}
	EndGlobalSection
EndGlobal
